# This file is automatically @generated by Cargo.
# It is not intended for manual editing.
version = 3

[[package]]
name = "add-two-numbers"
version = "0.1.0"

[[package]]
name = "minimum-swaps-to-make-sequences-increasing"
version = "0.1.0"

[[package]]
name = "score-of-parentheses"
version = "0.1.0"

[[package]]
name = "two-sum"
version = "0.1.0"
