# This file is automatically @generated by Cargo.
# It is not intended for manual editing.
version = 3

[[package]]
name = "add-two-numbers"
version = "0.1.0"

[[package]]
name = "ambiguous-coordinates"
version = "0.1.0"

[[package]]
name = "build-an-array-with-stack-operations"
version = "0.1.0"

[[package]]
name = "check-if-one-string-swap-can-make-strings-equal"
version = "0.1.0"

[[package]]
name = "distinct-subsequences-ii"
version = "0.1.0"

[[package]]
name = "fruit-into-baskets"
version = "0.1.0"

[[package]]
name = "goal-parser-interpretation"
version = "0.1.0"

[[package]]
name = "k-th-symbol-in-grammar"
version = "0.1.0"

[[package]]
name = "letter-case-permutation"
version = "0.1.0"

[[package]]
name = "linked-list-components"
version = "0.1.0"

[[package]]
name = "max-chunks-to-make-sorted"
version = "0.1.0"

[[package]]
name = "maximum-profit-in-job-scheduling"
version = "0.1.0"

[[package]]
name = "merge-strings-alternately"
version = "0.1.0"

[[package]]
name = "minimum-swaps-to-make-sequences-increasing"
version = "0.1.0"

[[package]]
name = "number-of-students-unable-to-eat-lunch"
version = "0.1.0"

[[package]]
name = "numbers-at-most-n-given-digit-set"
version = "0.1.0"

[[package]]
name = "online-stock-span"
version = "0.1.0"

[[package]]
name = "partition-array-into-disjoint-intervals"
version = "0.1.0"

[[package]]
name = "possible-bipartition"
version = "0.1.0"

[[package]]
name = "score-of-parentheses"
version = "0.1.0"

[[package]]
name = "shortest-subarray-with-sum-at-least-k"
version = "0.1.0"

[[package]]
name = "two-sum"
version = "0.1.0"
